# THIS IS AN AUTOGENERATED FILE. DO NOT EDIT THIS FILE DIRECTLY.
# yarn lockfile v1


"@next/env@12.1.0":
  "integrity" "sha512-nrIgY6t17FQ9xxwH3jj0a6EOiQ/WDHUos35Hghtr+SWN/ntHIQ7UpuvSi0vaLzZVHQWaDupKI+liO5vANcDeTQ=="
  "resolved" "https://registry.npmjs.org/@next/env/-/env-12.1.0.tgz"
  "version" "12.1.0"

"@next/swc-darwin-arm64@12.1.0":
  "integrity" "sha512-R8vcXE2/iONJ1Unf5Ptqjk6LRW3bggH+8drNkkzH4FLEQkHtELhvcmJwkXcuipyQCsIakldAXhRbZmm3YN1vXg=="
  "resolved" "https://registry.npmjs.org/@next/swc-darwin-arm64/-/swc-darwin-arm64-12.1.0.tgz"
  "version" "12.1.0"

"@supabase/supabase-js@file:../..":
  "resolved" "file:../.."
  "version" "0.0.0-automated"
  dependencies:
    "@supabase/functions-js" "^1.1.2"
    "@supabase/gotrue-js" "^1.22.8"
    "@supabase/postgrest-js" "^0.37.1"
    "@supabase/realtime-js" "^1.4.0"
    "@supabase/storage-js" "^1.6.4"

"@types/prop-types@*":
  "integrity" "sha512-KfRL3PuHmqQLOG+2tGpRO26Ctg+Cq1E01D2DMriKEATHgWLfeNDmq9e29Q9WIky0dQ3NPkd1mzYH8Lm936Z9qw=="
  "resolved" "https://registry.npmjs.org/@types/prop-types/-/prop-types-15.7.3.tgz"
  "version" "15.7.3"

"@types/react@^16.9.53":
  "integrity" "sha512-6KLe6lkILeRwyyy7yG9rULKJ0sXplUsl98MGoCfpteXf9sPWFWWMknDcsvubcpaTdBuxtsLF6HDUwdApZL/xIg=="
  "resolved" "https://registry.npmjs.org/@types/react/-/react-16.9.55.tgz"
  "version" "16.9.55"
  dependencies:
    "@types/prop-types" "*"
    "csstype" "^3.0.2"

"caniuse-lite@^1.0.30001283":
  "integrity" "sha512-Wiz1Psk2MEK0pX3rUzWaunLTZzqS2JYZFzNKqAiJGiuxIjRPLgV6+VDPOg6lQOUxmDwhTlh198JsTTi8Hzw6aQ=="
  "resolved" "https://registry.npmjs.org/caniuse-lite/-/caniuse-lite-1.0.30001312.tgz"
  "version" "1.0.30001312"

"csstype@^3.0.2":
  "integrity" "sha512-xc8DUsCLmjvCfoD7LTGE0ou2MIWLx0K9RCZwSHMOdynqRsP4MtUcLeqh1HcQ2dInwDTqn+3CE0/FZh1et+p4jA=="
  "resolved" "https://registry.npmjs.org/csstype/-/csstype-3.0.4.tgz"
  "version" "3.0.4"

"js-tokens@^3.0.0 || ^4.0.0":
  "integrity" "sha512-RdJUflcE3cUzKiMqQgsCu06FPu9UdIJO0beYbPhHN4k6apgJtifcoCtT9bcxOpYBtpD2kCM6Sbzg4CausW/PKQ=="
  "resolved" "https://registry.npmjs.org/js-tokens/-/js-tokens-4.0.0.tgz"
  "version" "4.0.0"

"loose-envify@^1.1.0":
  "integrity" "sha512-lyuxPGr/Wfhrlem2CL/UcnUc1zcqKAImBDzukY7Y5F/yQiNdko6+fRLevlw1HgMySw7f611UIY408EtxRSoK3Q=="
  "resolved" "https://registry.npmjs.org/loose-envify/-/loose-envify-1.4.0.tgz"
  "version" "1.4.0"
  dependencies:
    "js-tokens" "^3.0.0 || ^4.0.0"

"nanoid@^3.1.30":
  "integrity" "sha512-n6Vs/3KGyxPQd6uO0eH4Bv0ojGSUvuLlIHtC3Y0kEO23YRge8H9x1GCzLn28YX0H66pMkxuaeESFq4tKISKwdw=="
  "resolved" "https://registry.npmjs.org/nanoid/-/nanoid-3.3.1.tgz"
  "version" "3.3.1"

"next@12.1.0":
  "integrity" "sha512-s885kWvnIlxsUFHq9UGyIyLiuD0G3BUC/xrH0CEnH5lHEWkwQcHOORgbDF0hbrW9vr/7am4ETfX4A7M6DjrE7Q=="
  "resolved" "https://registry.npmjs.org/next/-/next-12.1.0.tgz"
  "version" "12.1.0"
  dependencies:
    "@next/env" "12.1.0"
    "caniuse-lite" "^1.0.30001283"
    "postcss" "8.4.5"
    "styled-jsx" "5.0.0"
    "use-subscription" "1.5.1"
  optionalDependencies:
    "@next/swc-android-arm64" "12.1.0"
    "@next/swc-darwin-arm64" "12.1.0"
    "@next/swc-darwin-x64" "12.1.0"
    "@next/swc-linux-arm-gnueabihf" "12.1.0"
    "@next/swc-linux-arm64-gnu" "12.1.0"
    "@next/swc-linux-arm64-musl" "12.1.0"
    "@next/swc-linux-x64-gnu" "12.1.0"
    "@next/swc-linux-x64-musl" "12.1.0"
    "@next/swc-win32-arm64-msvc" "12.1.0"
    "@next/swc-win32-ia32-msvc" "12.1.0"
    "@next/swc-win32-x64-msvc" "12.1.0"

"object-assign@^4.1.1":
  "integrity" "sha1-IQmtx5ZYh8/AXLvUQsrIv7s2CGM="
  "resolved" "https://registry.npmjs.org/object-assign/-/object-assign-4.1.1.tgz"
  "version" "4.1.1"

"picocolors@^1.0.0":
  "integrity" "sha512-1fygroTLlHu66zi26VoTDv8yRgm0Fccecssto+MhsZ0D/DGW2sm8E8AjW7NU5VVTRt5GxbeZ5qBuJr+HyLYkjQ=="
  "resolved" "https://registry.npmjs.org/picocolors/-/picocolors-1.0.0.tgz"
  "version" "1.0.0"

"postcss@8.4.5":
  "integrity" "sha512-jBDboWM8qpaqwkMwItqTQTiFikhs/67OYVvblFFTM7MrZjt6yMKd6r2kgXizEbTTljacm4NldIlZnhbjr84QYg=="
  "resolved" "https://registry.npmjs.org/postcss/-/postcss-8.4.5.tgz"
  "version" "8.4.5"
  dependencies:
    "nanoid" "^3.1.30"
    "picocolors" "^1.0.0"
    "source-map-js" "^1.0.1"

"react-dom@^17.0.2 || ^18.0.0-0", "react-dom@17.0.0":
  "integrity" "sha512-OGnFbxCjI2TMAZYMVxi4hqheJiN8rCEVVrL7XIGzCB6beNc4Am8M47HtkvxODZw9QgjmAPKpLba9FTu4fC1byA=="
  "resolved" "https://registry.npmjs.org/react-dom/-/react-dom-17.0.0.tgz"
  "version" "17.0.0"
  dependencies:
    "loose-envify" "^1.1.0"
    "object-assign" "^4.1.1"
    "scheduler" "^0.20.0"

"react@^16.8.0 || ^17.0.0", "react@^17.0.2 || ^18.0.0-0", "react@>= 16.8.0 || 17.x.x || 18.x.x", "react@17.0.0":
  "integrity" "sha512-rG9bqS3LMuetoSUKHN8G3fMNuQOePKDThK6+2yXFWtoeTDLVNh/QCaxT+Jr+rNf4lwNXpx+atdn3Aa0oi8/6eQ=="
  "resolved" "https://registry.npmjs.org/react/-/react-17.0.0.tgz"
  "version" "17.0.0"
  dependencies:
    "loose-envify" "^1.1.0"
    "object-assign" "^4.1.1"

"scheduler@^0.20.0":
  "integrity" "sha512-LKTe+2xNJBNxu/QhHvDR14wUXHRQbVY5ZOYpOGWRzhydZUqrLb2JBvLPY7cAqFmqrWuDED0Mjk7013SZiOz6Bw=="
  "resolved" "https://registry.npmjs.org/scheduler/-/scheduler-0.20.1.tgz"
  "version" "0.20.1"
  dependencies:
    "loose-envify" "^1.1.0"
    "object-assign" "^4.1.1"

"source-map-js@^1.0.1":
  "integrity" "sha512-R0XvVJ9WusLiqTCEiGCmICCMplcCkIwwR11mOSD9CR5u+IXYdiseeEuXCVAjS54zqwkLcPNnmU4OeJ6tUrWhDw=="
  "resolved" "https://registry.npmjs.org/source-map-js/-/source-map-js-1.0.2.tgz"
  "version" "1.0.2"

"styled-jsx@5.0.0":
  "integrity" "sha512-qUqsWoBquEdERe10EW8vLp3jT25s/ssG1/qX5gZ4wu15OZpmSMFI2v+fWlRhLfykA5rFtlJ1ME8A8pm/peV4WA=="
  "resolved" "https://registry.npmjs.org/styled-jsx/-/styled-jsx-5.0.0.tgz"
  "version" "5.0.0"

"use-subscription@1.5.1":
  "integrity" "sha512-Xv2a1P/yReAjAbhylMfFplFKj9GssgTwN7RlcTxBujFQcloStWNDQdc4g4NRWH9xS4i/FDk04vQBptAXoF3VcA=="
  "resolved" "https://registry.npmjs.org/use-subscription/-/use-subscription-1.5.1.tgz"
  "version" "1.5.1"
  dependencies:
    "object-assign" "^4.1.1"
