{
  "version": "3",
  "packages": {
    "specifiers": {
      "jsr:@supabase/supabase-js@2": "jsr:@supabase/supabase-js@2.50.0",
      "npm:@supabase/auth-js@2.70.0": "npm:@supabase/auth-js@2.70.0",
      "npm:@supabase/functions-js@2.4.4": "npm:@supabase/functions-js@2.4.4",
      "npm:@supabase/node-fetch@2.6.15": "npm:@supabase/node-fetch@2.6.15",
      "npm:@supabase/postgrest-js@1.19.4": "npm:@supabase/postgrest-js@1.19.4",
      "npm:@supabase/realtime-js@2.11.10": "npm:@supabase/realtime-js@2.11.10",
      "npm:@supabase/storage-js@2.7.1": "npm:@supabase/storage-js@2.7.1"
    },
    "jsr": {
      "@supabase/supabase-js@2.50.0": {
        "integrity": "d583ced1777f6bda163de3aca49f9b00b62c48633c5d129492531a11b3542457",
        "dependencies": [
          "npm:@supabase/auth-js@2.70.0",
          "npm:@supabase/functions-js@2.4.4",
          "npm:@supabase/node-fetch@2.6.15",
          "npm:@supabase/postgrest-js@1.19.4",
          "npm:@supabase/realtime-js@2.11.10",
          "npm:@supabase/storage-js@2.7.1"
        ]
      }
    },
    "npm": {
      "@supabase/auth-js@2.70.0": {
        "integrity": "sha512-BaAK/tOAZFJtzF1sE3gJ2FwTjLf4ky3PSvcvLGEgEmO4BSBkwWKu8l67rLLIBZPDnCyV7Owk2uPyKHa0kj5QGg==",
        "dependencies": {
          "@supabase/node-fetch": "@supabase/node-fetch@2.6.15"
        }
      },
      "@supabase/functions-js@2.4.4": {
        "integrity": "sha512-WL2p6r4AXNGwop7iwvul2BvOtuJ1YQy8EbOd0dhG1oN1q8el/BIRSFCFnWAMM/vJJlHWLi4ad22sKbKr9mvjoA==",
        "dependencies": {
          "@supabase/node-fetch": "@supabase/node-fetch@2.6.15"
        }
      },
      "@supabase/node-fetch@2.6.15": {
        "integrity": "sha512-1ibVeYUacxWYi9i0cf5efil6adJ9WRyZBLivgjs+AUpewx1F3xPi7gLgaASI2SmIQxPoCEjAsLAzKPgMJVgOUQ==",
        "dependencies": {
          "whatwg-url": "whatwg-url@5.0.0"
        }
      },
      "@supabase/postgrest-js@1.19.4": {
        "integrity": "sha512-O4soKqKtZIW3olqmbXXbKugUtByD2jPa8kL2m2c1oozAO11uCcGrRhkZL0kVxjBLrXHE0mdSkFsMj7jDSfyNpw==",
        "dependencies": {
          "@supabase/node-fetch": "@supabase/node-fetch@2.6.15"
        }
      },
      "@supabase/realtime-js@2.11.10": {
        "integrity": "sha512-SJKVa7EejnuyfImrbzx+HaD9i6T784khuw1zP+MBD7BmJYChegGxYigPzkKX8CK8nGuDntmeSD3fvriaH0EGZA==",
        "dependencies": {
          "@supabase/node-fetch": "@supabase/node-fetch@2.6.15",
          "@types/phoenix": "@types/phoenix@1.6.6",
          "@types/ws": "@types/ws@8.18.1",
          "ws": "ws@8.18.2"
        }
      },
      "@supabase/storage-js@2.7.1": {
        "integrity": "sha512-asYHcyDR1fKqrMpytAS1zjyEfvxuOIp1CIXX7ji4lHHcJKqyk+sLl/Vxgm4sN6u8zvuUtae9e4kDxQP2qrwWBA==",
        "dependencies": {
          "@supabase/node-fetch": "@supabase/node-fetch@2.6.15"
        }
      },
      "@types/node@18.16.19": {
        "integrity": "sha512-IXl7o+R9iti9eBW4Wg2hx1xQDig183jj7YLn8F7udNceyfkbn1ZxmzZXuak20gR40D7pIkIY1kYGx5VIGbaHKA==",
        "dependencies": {}
      },
      "@types/phoenix@1.6.6": {
        "integrity": "sha512-PIzZZlEppgrpoT2QgbnDU+MMzuR6BbCjllj0bM70lWoejMeNJAxCchxnv7J3XFkI8MpygtRpzXrIlmWUBclP5A==",
        "dependencies": {}
      },
      "@types/ws@8.18.1": {
        "integrity": "sha512-ThVF6DCVhA8kUGy+aazFQ4kXQ7E1Ty7A3ypFOe0IcJV8O/M511G99AW24irKrW56Wt44yG9+ij8FaqoBGkuBXg==",
        "dependencies": {
          "@types/node": "@types/node@18.16.19"
        }
      },
      "tr46@0.0.3": {
        "integrity": "sha512-N3WMsuqV66lT30CrXNbEjx4GEwlow3v6rr4mCcv6prnfwhS01rkgyFdjPNBYd9br7LpXV1+Emh01fHnq2Gdgrw==",
        "dependencies": {}
      },
      "webidl-conversions@3.0.1": {
        "integrity": "sha512-2JAn3z8AR6rjK8Sm8orRC0h/bcl/DqL7tRPdGZ4I1CjdF+EaMLmYxBHyXuKL849eucPFhvBoxMsflfOb8kxaeQ==",
        "dependencies": {}
      },
      "whatwg-url@5.0.0": {
        "integrity": "sha512-saE57nupxk6v3HY35+jzBwYa0rKSy0XR8JSxZPwgLr7ys0IBzhGviA1/TUGJLmSVqs8pb9AnvICXEuOHLprYTw==",
        "dependencies": {
          "tr46": "tr46@0.0.3",
          "webidl-conversions": "webidl-conversions@3.0.1"
        }
      },
      "ws@8.18.2": {
        "integrity": "sha512-DMricUmwGZUVr++AEAe2uiVM7UoO9MAVZMDu05UQOaUII0lp+zOzLLU4Xqh/JvTqklB1T4uELaaPBKyjE1r4fQ==",
        "dependencies": {}
      }
    }
  },
  "remote": {
    "https://deno.land/std@0.220.1/assert/_constants.ts": "a271e8ef5a573f1df8e822a6eb9d09df064ad66a4390f21b3e31f820a38e0975",
    "https://deno.land/std@0.220.1/assert/_diff.ts": "4bf42969aa8b1a33aaf23eb8e478b011bfaa31b82d85d2ff4b5c4662d8780d2b",
    "https://deno.land/std@0.220.1/assert/_format.ts": "0ba808961bf678437fb486b56405b6fefad2cf87b5809667c781ddee8c32aff4",
    "https://deno.land/std@0.220.1/assert/assert.ts": "bec068b2fccdd434c138a555b19a2c2393b71dfaada02b7d568a01541e67cdc5",
    "https://deno.land/std@0.220.1/assert/assert_almost_equals.ts": "8b96b7385cc117668b0720115eb6ee73d04c9bcb2f5d2344d674918c9113688f",
    "https://deno.land/std@0.220.1/assert/assert_array_includes.ts": "1688d76317fd45b7e93ef9e2765f112fdf2b7c9821016cdfb380b9445374aed1",
    "https://deno.land/std@0.220.1/assert/assert_equals.ts": "4497c56fe7d2993b0d447926702802fc0becb44e319079e8eca39b482ee01b4e",
    "https://deno.land/std@0.220.1/assert/assert_exists.ts": "24a7bf965e634f909242cd09fbaf38bde6b791128ece08e33ab08586a7cc55c9",
    "https://deno.land/std@0.220.1/assert/assert_false.ts": "6f382568e5128c0f855e5f7dbda8624c1ed9af4fcc33ef4a9afeeedcdce99769",
    "https://deno.land/std@0.220.1/assert/assert_greater.ts": "4945cf5729f1a38874d7e589e0fe5cc5cd5abe5573ca2ddca9d3791aa891856c",
    "https://deno.land/std@0.220.1/assert/assert_greater_or_equal.ts": "573ed8823283b8d94b7443eb69a849a3c369a8eb9666b2d1db50c33763a5d219",
    "https://deno.land/std@0.220.1/assert/assert_instance_of.ts": "72dc1faff1e248692d873c89382fa1579dd7b53b56d52f37f9874a75b11ba444",
    "https://deno.land/std@0.220.1/assert/assert_is_error.ts": "6596f2b5ba89ba2fe9b074f75e9318cda97a2381e59d476812e30077fbdb6ed2",
    "https://deno.land/std@0.220.1/assert/assert_less.ts": "2b4b3fe7910f65f7be52212f19c3977ecb8ba5b2d6d0a296c83cde42920bb005",
    "https://deno.land/std@0.220.1/assert/assert_less_or_equal.ts": "b93d212fe669fbde959e35b3437ac9a4468f2e6b77377e7b6ea2cfdd825d38a0",
    "https://deno.land/std@0.220.1/assert/assert_match.ts": "ec2d9680ed3e7b9746ec57ec923a17eef6d476202f339ad91d22277d7f1d16e1",
    "https://deno.land/std@0.220.1/assert/assert_not_equals.ts": "ac86413ab70ffb14fdfc41740ba579a983fe355ba0ce4a9ab685e6b8e7f6a250",
    "https://deno.land/std@0.220.1/assert/assert_not_instance_of.ts": "8f720d92d83775c40b2542a8d76c60c2d4aeddaf8713c8d11df8984af2604931",
    "https://deno.land/std@0.220.1/assert/assert_not_match.ts": "b4b7c77f146963e2b673c1ce4846473703409eb93f5ab0eb60f6e6f8aeffe39f",
    "https://deno.land/std@0.220.1/assert/assert_not_strict_equals.ts": "da0b8ab60a45d5a9371088378e5313f624799470c3b54c76e8b8abeec40a77be",
    "https://deno.land/std@0.220.1/assert/assert_object_match.ts": "e85e5eef62a56ce364c3afdd27978ccab979288a3e772e6855c270a7b118fa49",
    "https://deno.land/std@0.220.1/assert/assert_rejects.ts": "5206ac37d883797d9504e3915a0c7b692df6efcdefff3889cc14bb5a325641dd",
    "https://deno.land/std@0.220.1/assert/assert_strict_equals.ts": "0425a98f70badccb151644c902384c12771a93e65f8ff610244b8147b03a2366",
    "https://deno.land/std@0.220.1/assert/assert_string_includes.ts": "dfb072a890167146f8e5bdd6fde887ce4657098e9f71f12716ef37f35fb6f4a7",
    "https://deno.land/std@0.220.1/assert/assert_throws.ts": "31f3c061338aec2c2c33731973d58ccd4f14e42f355501541409ee958d2eb8e5",
    "https://deno.land/std@0.220.1/assert/assertion_error.ts": "9f689a101ee586c4ce92f52fa7ddd362e86434ffdf1f848e45987dc7689976b8",
    "https://deno.land/std@0.220.1/assert/equal.ts": "fae5e8a52a11d3ac694bbe1a53e13a7969e3f60791262312e91a3e741ae519e2",
    "https://deno.land/std@0.220.1/assert/fail.ts": "f310e51992bac8e54f5fd8e44d098638434b2edb802383690e0d7a9be1979f1c",
    "https://deno.land/std@0.220.1/assert/mod.ts": "7e41449e77a31fef91534379716971bebcfc12686e143d38ada5438e04d4a90e",
    "https://deno.land/std@0.220.1/assert/unimplemented.ts": "47ca67d1c6dc53abd0bd729b71a31e0825fc452dbcd4fde4ca06789d5644e7fd",
    "https://deno.land/std@0.220.1/assert/unreachable.ts": "3670816a4ab3214349acb6730e3e6f5299021234657eefe05b48092f3848c270",
    "https://deno.land/std@0.220.1/fmt/colors.ts": "d239d84620b921ea520125d778947881f62c50e78deef2657073840b8af9559a"
  }
}
